schema: '2.0'
stages:
  prepare:
    cmd: python -m spc_module.dataset
    deps:
    - path: data/raw/salary.csv
      hash: md5
      md5: e853f1235e4396489eb58e2a4cf38556
      size: 3844217
    - path: spc_module/dataset.py
      hash: md5
      md5: 3f677f0a23227e56cd7cffd1c6241a20
      size: 1829
    - path: spc_module/preprocessing/cleaning.py
      hash: md5
      md5: 72a8cc94c372824596167cdd52c416ac
      size: 4161
    outs:
    - path: data/interim/salary_clean.csv
      hash: md5
      md5: b8e907ba1bd0c8814fa54763c3790e7a
      size: 2730482
  featurize:
    cmd: python -m spc_module.features
    deps:
    - path: data/interim/salary_clean.csv
      hash: md5
      md5: b8e907ba1bd0c8814fa54763c3790e7a
      size: 2730482
    - path: spc_module/features.py
      hash: md5
      md5: fab2b0f6f3b7ea981e078aba0e0d4043
      size: 3546
    - path: spc_module/preprocessing/builder.py
      hash: md5
      md5: d099fc776abff037a3c9ee901335185e
      size: 3297
    - path: spc_module/preprocessing/encoding.py
      hash: md5
      md5: 91e31704e3ec69d83a2842a1bcf06bac
      size: 4956
    - path: spc_module/preprocessing/splitting.py
      hash: md5
      md5: 3ccbb8988a4b28edb0405b826f1c40a3
      size: 1905
    params:
      params.yaml:
        features.drop_first: true
        features.random_state: 42
        features.test_size: 0.2
    outs:
    - path: data/processed/features.csv
      hash: md5
      md5: b5c825269fd092535f66fe8689545a9e
      size: 3849228
    - path: data/processed/labels.csv
      hash: md5
      md5: de8c339152bd5c81a2201ce5b188fde8
      size: 69536
    - path: data/processed/test_features.csv
      hash: md5
      md5: e8e80c65e586e5ca35cee3208e3db976
      size: 963539
    - path: data/processed/test_labels.csv
      hash: md5
      md5: e1750ade907c14a5e16ddcb2ed80400c
      size: 17390
  train:
    cmd: python -m spc_module.modeling.train
    deps:
    - path: data/processed/features.csv
      hash: md5
      md5: b5c825269fd092535f66fe8689545a9e
      size: 3849228
    - path: data/processed/labels.csv
      hash: md5
      md5: de8c339152bd5c81a2201ce5b188fde8
      size: 69536
    - path: data/processed/test_features.csv
      hash: md5
      md5: e8e80c65e586e5ca35cee3208e3db976
      size: 963539
    - path: data/processed/test_labels.csv
      hash: md5
      md5: e1750ade907c14a5e16ddcb2ed80400c
      size: 17390
    - path: spc_module/modeling/evaluator.py
      hash: md5
      md5: 55e164412e57f607424e4ebf58449d07
      size: 3932
    - path: spc_module/modeling/models.py
      hash: md5
      md5: 36c0f7e4c1d80887dbf9de670d75dbbd
      size: 9684
    - path: spc_module/modeling/train.py
      hash: md5
      md5: ae08a9ddf263d839c9397d77818f6634
      size: 11316
    params:
      params.yaml:
        train.mlp.dropout_rate: 0.4
        train.mlp.learning_rate_init: 0.0001
        train.models: xgboost,mlp
        train.xgboost.learning_rate: 0.1
        train.xgboost.max_depth: 6
        train.xgboost.n_estimators: 300
    outs:
    - path: models/model.pkl
      hash: md5
      md5: 2077ac174f80f0002f72a6d0c028ca4d
      size: 511724
    - path: reports/metrics.json
      hash: md5
      md5: b81eba1ee8b3f007d520d813df7bd169
      size: 810
    - path: reports/plots.csv
      hash: md5
      md5: 2cb16b58db8b03c09b4c243528e78a3e
      size: 28988
